PODS:
  - amap_view (0.0.1):
    - AMapNavi
    - Flutter
  - AMapFoundation (1.6.3)
  - AMapNavi (7.5.0):
    - AMapFoundation (~> 1.6.3)
  - Flutter (1.0.0)
  - "permission_handler (5.0.1+1)":
    - Flutter

DEPENDENCIES:
  - amap_view (from `.symlinks/plugins/amap_view/ios`)
  - Flutter (from `Flutter`)
  - permission_handler (from `.symlinks/plugins/permission_handler/ios`)

SPEC REPOS:
  trunk:
    - AMapFoundation
    - AMapNavi

EXTERNAL SOURCES:
  amap_view:
    :path: ".symlinks/plugins/amap_view/ios"
  Flutter:
    :path: Flutter
  permission_handler:
    :path: ".symlinks/plugins/permission_handler/ios"

SPEC CHECKSUMS:
  amap_view: fe212d5654be9647b26e5af6d251411bc56e75c6
  AMapFoundation: 9ed923193b357ebb30a073e9fe255d3c24054d5a
  AMapNavi: a47cf864249da145c0055fd31c49c0006da5ce64
  Flutter: 0e3d915762c693b495b44d77113d4970485de6ec
  permission_handler: eac8e15b4a1a3fba55b761d19f3f4e6b005d15b6

PODFILE CHECKSUM: c34e2287a9ccaa606aeceab922830efb9a6ff69a

COCOAPODS: 1.9.1
